
Microsoft Visual Studio Solution File, Format Version 12.00
# Visual Studio 2012
Project("{FAE04EC0-301F-11D3-BF4B-00C04F79EFBC}") = "TunnelSnakesPropertyManagement", "TunnelSnakesPropertyManagement\TunnelSnakesPropertyManagement.csproj", "{BF9E7C41-2BA0-41F8-A1ED-5EADC95437AE}"
EndProject
Project("{FAE04EC0-301F-11D3-BF4B-00C04F79EFBC}") = "TunnelSnakesPropertyManagement.iOS", "iOS\TunnelSnakesPropertyManagement.iOS.csproj", "{C133787C-761A-49C4-9674-5FC1EF0C2F74}"
EndProject
Project("{FAE04EC0-301F-11D3-BF4B-00C04F79EFBC}") = "TunnelSnakesPropertyManagement.Droid", "Droid\TunnelSnakesPropertyManagement.Droid.csproj", "{D39E139F-C89E-45D8-9C62-2B48FCA181EA}"
EndProject
Global
	GlobalSection(SolutionConfigurationPlatforms) = preSolution
		Debug|Any CPU = Debug|Any CPU
		Release|Any CPU = Release|Any CPU
		Debug|iPhoneSimulator = Debug|iPhoneSimulator
		Release|iPhoneSimulator = Release|iPhoneSimulator
		Debug|iPhone = Debug|iPhone
		Release|iPhone = Release|iPhone
		Ad-Hoc|iPhone = Ad-Hoc|iPhone
		AppStore|iPhone = AppStore|iPhone
	EndGlobalSection
	GlobalSection(ProjectConfigurationPlatforms) = postSolution
		{BF9E7C41-2BA0-41F8-A1ED-5EADC95437AE}.Ad-Hoc|iPhone.ActiveCfg = Debug|Any CPU
		{BF9E7C41-2BA0-41F8-A1ED-5EADC95437AE}.Ad-Hoc|iPhone.Build.0 = Debug|Any CPU
		{BF9E7C41-2BA0-41F8-A1ED-5EADC95437AE}.AppStore|iPhone.ActiveCfg = Debug|Any CPU
		{BF9E7C41-2BA0-41F8-A1ED-5EADC95437AE}.AppStore|iPhone.Build.0 = Debug|Any CPU
		{BF9E7C41-2BA0-41F8-A1ED-5EADC95437AE}.Debug|Any CPU.ActiveCfg = Debug|Any CPU
		{BF9E7C41-2BA0-41F8-A1ED-5EADC95437AE}.Debug|Any CPU.Build.0 = Debug|Any CPU
		{BF9E7C41-2BA0-41F8-A1ED-5EADC95437AE}.Debug|iPhone.ActiveCfg = Debug|Any CPU
		{BF9E7C41-2BA0-41F8-A1ED-5EADC95437AE}.Debug|iPhone.Build.0 = Debug|Any CPU
		{BF9E7C41-2BA0-41F8-A1ED-5EADC95437AE}.Debug|iPhoneSimulator.ActiveCfg = Debug|Any CPU
		{BF9E7C41-2BA0-41F8-A1ED-5EADC95437AE}.Debug|iPhoneSimulator.Build.0 = Debug|Any CPU
		{BF9E7C41-2BA0-41F8-A1ED-5EADC95437AE}.Release|Any CPU.ActiveCfg = Release|Any CPU
		{BF9E7C41-2BA0-41F8-A1ED-5EADC95437AE}.Release|Any CPU.Build.0 = Release|Any CPU
		{BF9E7C41-2BA0-41F8-A1ED-5EADC95437AE}.Release|iPhone.ActiveCfg = Release|Any CPU
		{BF9E7C41-2BA0-41F8-A1ED-5EADC95437AE}.Release|iPhone.Build.0 = Release|Any CPU
		{BF9E7C41-2BA0-41F8-A1ED-5EADC95437AE}.Release|iPhoneSimulator.ActiveCfg = Release|Any CPU
		{BF9E7C41-2BA0-41F8-A1ED-5EADC95437AE}.Release|iPhoneSimulator.Build.0 = Release|Any CPU
		{C133787C-761A-49C4-9674-5FC1EF0C2F74}.Ad-Hoc|iPhone.ActiveCfg = Ad-Hoc|iPhone
		{C133787C-761A-49C4-9674-5FC1EF0C2F74}.Ad-Hoc|iPhone.Build.0 = Ad-Hoc|iPhone
		{C133787C-761A-49C4-9674-5FC1EF0C2F74}.AppStore|iPhone.ActiveCfg = AppStore|iPhone
		{C133787C-761A-49C4-9674-5FC1EF0C2F74}.AppStore|iPhone.Build.0 = AppStore|iPhone
		{C133787C-761A-49C4-9674-5FC1EF0C2F74}.Debug|Any CPU.ActiveCfg = Debug|iPhoneSimulator
		{C133787C-761A-49C4-9674-5FC1EF0C2F74}.Debug|Any CPU.Build.0 = Debug|iPhoneSimulator
		{C133787C-761A-49C4-9674-5FC1EF0C2F74}.Debug|iPhone.ActiveCfg = Debug|iPhone
		{C133787C-761A-49C4-9674-5FC1EF0C2F74}.Debug|iPhone.Build.0 = Debug|iPhone
		{C133787C-761A-49C4-9674-5FC1EF0C2F74}.Debug|iPhoneSimulator.ActiveCfg = Debug|iPhoneSimulator
		{C133787C-761A-49C4-9674-5FC1EF0C2F74}.Debug|iPhoneSimulator.Build.0 = Debug|iPhoneSimulator
		{C133787C-761A-49C4-9674-5FC1EF0C2F74}.Release|Any CPU.ActiveCfg = Release|iPhoneSimulator
		{C133787C-761A-49C4-9674-5FC1EF0C2F74}.Release|Any CPU.Build.0 = Release|iPhoneSimulator
		{C133787C-761A-49C4-9674-5FC1EF0C2F74}.Release|iPhone.ActiveCfg = Release|iPhone
		{C133787C-761A-49C4-9674-5FC1EF0C2F74}.Release|iPhone.Build.0 = Release|iPhone
		{C133787C-761A-49C4-9674-5FC1EF0C2F74}.Release|iPhoneSimulator.ActiveCfg = Release|iPhoneSimulator
		{C133787C-761A-49C4-9674-5FC1EF0C2F74}.Release|iPhoneSimulator.Build.0 = Release|iPhoneSimulator
		{D39E139F-C89E-45D8-9C62-2B48FCA181EA}.Ad-Hoc|iPhone.ActiveCfg = Release|Any CPU
		{D39E139F-C89E-45D8-9C62-2B48FCA181EA}.Ad-Hoc|iPhone.Build.0 = Release|Any CPU
		{D39E139F-C89E-45D8-9C62-2B48FCA181EA}.AppStore|iPhone.ActiveCfg = Release|Any CPU
		{D39E139F-C89E-45D8-9C62-2B48FCA181EA}.AppStore|iPhone.Build.0 = Release|Any CPU
		{D39E139F-C89E-45D8-9C62-2B48FCA181EA}.Debug|Any CPU.ActiveCfg = Debug|Any CPU
		{D39E139F-C89E-45D8-9C62-2B48FCA181EA}.Debug|Any CPU.Build.0 = Debug|Any CPU
		{D39E139F-C89E-45D8-9C62-2B48FCA181EA}.Debug|iPhone.ActiveCfg = Debug|Any CPU
		{D39E139F-C89E-45D8-9C62-2B48FCA181EA}.Debug|iPhone.Build.0 = Debug|Any CPU
		{D39E139F-C89E-45D8-9C62-2B48FCA181EA}.Debug|iPhoneSimulator.ActiveCfg = Debug|Any CPU
		{D39E139F-C89E-45D8-9C62-2B48FCA181EA}.Debug|iPhoneSimulator.Build.0 = Debug|Any CPU
		{D39E139F-C89E-45D8-9C62-2B48FCA181EA}.Release|Any CPU.ActiveCfg = Release|Any CPU
		{D39E139F-C89E-45D8-9C62-2B48FCA181EA}.Release|Any CPU.Build.0 = Release|Any CPU
		{D39E139F-C89E-45D8-9C62-2B48FCA181EA}.Release|iPhone.ActiveCfg = Release|Any CPU
		{D39E139F-C89E-45D8-9C62-2B48FCA181EA}.Release|iPhone.Build.0 = Release|Any CPU
		{D39E139F-C89E-45D8-9C62-2B48FCA181EA}.Release|iPhoneSimulator.ActiveCfg = Release|Any CPU
		{D39E139F-C89E-45D8-9C62-2B48FCA181EA}.Release|iPhoneSimulator.Build.0 = Release|Any CPU
	EndGlobalSection
	GlobalSection(MonoDevelopProperties) = preSolution
		StartupItem = Droid\TunnelSnakesPropertyManagement.Droid.csproj
	EndGlobalSection
EndGlobal
